Microsoft Visual Studio Solution File, Format Version 12.00
# Visual Studio Version 17
VisualStudioVersion = 17.5.2.0
MinimumVisualStudioVersion = 10.0.40219.1
Project("{FAE04EC0-301F-11D3-BF4B-00C04F79EFBC}") = "SmartTravelPlanner", "SmartTravelPlanner.csproj", "{B60C6F2F-F75D-2C27-8904-57BDAAB748EA}"
EndProject
Global
	GlobalSection(SolutionConfigurationPlatforms) = preSolution
		Debug|Any CPU = Debug|Any CPU
		Release|Any CPU = Release|Any CPU
	EndGlobalSection
	GlobalSection(ProjectConfigurationPlatforms) = postSolution
		{B60C6F2F-F75D-2C27-8904-57BDAAB748EA}.Debug|Any CPU.ActiveCfg = Debug|Any CPU
		{B60C6F2F-F75D-2C27-8904-57BDAAB748EA}.Debug|Any CPU.Build.0 = Debug|Any CPU
		{B60C6F2F-F75D-2C27-8904-57BDAAB748EA}.Release|Any CPU.ActiveCfg = Release|Any CPU
		{B60C6F2F-F75D-2C27-8904-57BDAAB748EA}.Release|Any CPU.Build.0 = Release|Any CPU
	EndGlobalSection
	GlobalSection(SolutionProperties) = preSolution
		HideSolutionNode = FALSE
	EndGlobalSection
	GlobalSection(ExtensibilityGlobals) = postSolution
		SolutionGuid = {8ABDBF8B-2DBA-4F7F-9CCA-54A2A68FFA3A}
	EndGlobalSection
EndGlobal
